{
  "name": "dspy-sandbox-runtime-ci",
  "lockfileVersion": 3,
  "requires": true,
  "packages": {
    "": {
      "name": "dspy-sandbox-runtime-ci",
      "dependencies": {
        "@anthropic-ai/sandbox-runtime": "0.0.75"
      }
    },
    "node_modules/@anthropic-ai/sandbox-runtime": {
      "version": "0.0.75",
      "resolved": "https://registry.npmjs.org/@anthropic-ai/sandbox-runtime/-/sandbox-runtime-0.0.75.tgz",
      "integrity": "sha512-oqAKi6QtkT2DpLwFoDCDD757zw2i6ftpLTyV8rNSV9QWF53q2m1JxEs0RYXv2CIXtCoje4RGYQylagn15RKmww==",
      "license": "Apache-2.0",
      "dependencies": {
        "@pondwader/socks5-server": "^1.0.10",
        "commander": "^12.1.0",
        "node-forge": "^1.4.0",
        "zod": "^3.24.1"
      },
      "bin": {
        "srt": "dist/cli.js"
      },
      "engines": {
        "node": ">=20.11.0"
      }
    },
    "node_modules/@pondwader/socks5-server": {
      "version": "1.0.10",
      "resolved": "https://registry.npmjs.org/@pondwader/socks5-server/-/socks5-server-1.0.10.tgz",
      "integrity": "sha512-bQY06wzzR8D2+vVCUoBsr5QS2U6UgPUQRmErNwtsuI6vLcyRKkafjkr3KxbtGFf9aBBIV2mcvlsKD1UYaIV+sg==",
      "license": "MIT"
    },
    "node_modules/commander": {
      "version": "12.1.0",
      "resolved": "https://registry.npmjs.org/commander/-/commander-12.1.0.tgz",
      "integrity": "sha512-Vw8qHK3bZM9y/P10u3Vib8o/DdkvA2OtPtZvD871QKjy74Wj1WSKFILMPRPSdUSx5RFK1arlJzEtA4PkFgnbuA==",
      "license": "MIT",
      "engines": {
        "node": ">=18"
      }
    },
    "node_modules/node-forge": {
      "version": "1.4.0",
      "resolved": "https://registry.npmjs.org/node-forge/-/node-forge-1.4.0.tgz",
      "integrity": "sha512-LarFH0+6VfriEhqMMcLX2F7SwSXeWwnEAJEsYm5QKWchiVYVvJyV9v7UDvUv+w5HO23ZpQTXDv/GxdDdMyOuoQ==",
      "license": "(BSD-3-Clause OR GPL-2.0)",
      "engines": {
        "node": ">= 6.13.0"
      }
    },
    "node_modules/zod": {
      "version": "3.25.76",
      "resolved": "https://registry.npmjs.org/zod/-/zod-3.25.76.tgz",
      "integrity": "sha512-gzUt/qt81nXsFGKIFcC3YnfEAx5NkunCfnDlvuBSSFS02bcXu4Lmea0AFIUwbLWxWPx3d9p8S5QoaujKcNQxcQ==",
      "license": "MIT",
      "funding": {
        "url": "https://github.com/sponsors/colinhacks"
      }
    }
  }
}
